
Microsoft Visual Studio Solution File, Format Version 12.00
# 
Project("{FAE04EC0-301F-11D3-BF4B-00C04F79EFBC}") = "WinFormsApp1", "WinFormsApp1.csproj", "{A17ABFA3-AF6E-4045-80FF-2FDF0CE06EBC}"
EndProject
Project("{FAE04EC0-301F-11D3-BF4B-00C04F79EFBC}") = "WinFormsApp1.Tests", "WinFormsApp1.Tests\WinFormsApp1.Tests.csproj", "{446354B5-2DCD-457E-BCB0-FC94A2DE938A}"
EndProject
Global
	GlobalSection(SolutionConfigurationPlatforms) = preSolution
		Debug|Any CPU = Debug|Any CPU
		Release|Any CPU = Release|Any CPU
	EndGlobalSection
	GlobalSection(ProjectConfigurationPlatforms) = postSolution
		{A17ABFA3-AF6E-4045-80FF-2FDF0CE06EBC}.Debug|Any CPU.ActiveCfg = Debug|Any CPU
		{A17ABFA3-AF6E-4045-80FF-2FDF0CE06EBC}.Debug|Any CPU.Build.0 = Debug|Any CPU
		{A17ABFA3-AF6E-4045-80FF-2FDF0CE06EBC}.Release|Any CPU.ActiveCfg = Release|Any CPU
		{A17ABFA3-AF6E-4045-80FF-2FDF0CE06EBC}.Release|Any CPU.Build.0 = Release|Any CPU
		{446354B5-2DCD-457E-BCB0-FC94A2DE938A}.Debug|Any CPU.ActiveCfg = Debug|Any CPU
		{446354B5-2DCD-457E-BCB0-FC94A2DE938A}.Debug|Any CPU.Build.0 = Debug|Any CPU
		{446354B5-2DCD-457E-BCB0-FC94A2DE938A}.Release|Any CPU.ActiveCfg = Release|Any CPU
		{446354B5-2DCD-457E-BCB0-FC94A2DE938A}.Release|Any CPU.Build.0 = Release|Any CPU
	EndGlobalSection
EndGlobal
